
Microsoft Visual Studio Solution File, Format Version 12.00
# Visual Studio Version 17
VisualStudioVersion = 17.5.33516.290
MinimumVisualStudioVersion = 10.0.40219.1
Project("{FAE04EC0-301F-11D3-BF4B-00C04F79EFBC}") = "SaveSyncApp", "SaveSyncApp.csproj", "{703307C0-C9F6-43C5-ABAD-12680D13FECA}"
EndProject
Global
	GlobalSection(SolutionConfigurationPlatforms) = preSolution
		Debug|Any CPU = Debug|Any CPU
		Release|Any CPU = Release|Any CPU
	EndGlobalSection
	GlobalSection(ProjectConfigurationPlatforms) = postSolution
		{703307C0-C9F6-43C5-ABAD-12680D13FECA}.Debug|Any CPU.ActiveCfg = Debug|Any CPU
		{703307C0-C9F6-43C5-ABAD-12680D13FECA}.Debug|Any CPU.Build.0 = Debug|Any CPU
		{703307C0-C9F6-43C5-ABAD-12680D13FECA}.Release|Any CPU.ActiveCfg = Release|Any CPU
		{703307C0-C9F6-43C5-ABAD-12680D13FECA}.Release|Any CPU.Build.0 = Release|Any CPU
	EndGlobalSection
	GlobalSection(SolutionProperties) = preSolution
		HideSolutionNode = FALSE
	EndGlobalSection
	GlobalSection(ExtensibilityGlobals) = postSolution
		SolutionGuid = {1151BBCB-23C8-447C-90AF-710883D7A3A8}
	EndGlobalSection
EndGlobal
